
Microsoft Visual Studio Solution File, Format Version 12.00
# Visual Studio Version 17
VisualStudioVersion = 17.11.35312.102
MinimumVisualStudioVersion = 10.0.40219.1
Project("{FAE04EC0-301F-11D3-BF4B-00C04F79EFBC}") = "ex00", "ConsoleApp4\ex00.csproj", "{27514636-5866-40A6-B0CF-C6C20AC64984}"
EndProject
Project("{FAE04EC0-301F-11D3-BF4B-00C04F79EFBC}") = "ex01", "ex01\ex01.csproj", "{70BE82F9-6EC4-42C1-801C-6758FC8CA68E}"
EndProject
Project("{FAE04EC0-301F-11D3-BF4B-00C04F79EFBC}") = "ex02", "ex02\ex02.csproj", "{1FEEE44C-3E92-46D1-AB07-57F3AA6C74C0}"
EndProject
Project("{FAE04EC0-301F-11D3-BF4B-00C04F79EFBC}") = "ex03", "ex03\ex03.csproj", "{3E100562-FCCC-45DF-8A41-F513661F266C}"
EndProject
Project("{FAE04EC0-301F-11D3-BF4B-00C04F79EFBC}") = "ex04", "ex04\ex04.csproj", "{D432E310-2AB2-4CA5-9BA2-4CF347FD4401}"
EndProject
Project("{FAE04EC0-301F-11D3-BF4B-00C04F79EFBC}") = "ex05", "ex05\ex05.csproj", "{C6CA08D8-7507-45F3-B2B7-7B9F2E231E3B}"
EndProject
Project("{FAE04EC0-301F-11D3-BF4B-00C04F79EFBC}") = "ex06", "ex06\ex06.csproj", "{2FC49C4F-8F2F-4AE0-980F-8325258C60BB}"
EndProject
Project("{FAE04EC0-301F-11D3-BF4B-00C04F79EFBC}") = "ex07", "ex07\ex07.csproj", "{19B0D31E-A757-4B0D-9334-43BA0DDEB499}"
EndProject
Project("{FAE04EC0-301F-11D3-BF4B-00C04F79EFBC}") = "ex08", "ex08\ex08.csproj", "{B4868055-41BA-4483-894A-2AA8D8BA3D32}"
EndProject
Project("{FAE04EC0-301F-11D3-BF4B-00C04F79EFBC}") = "ex09", "ex09\ex09.csproj", "{A32C9AA5-881E-459B-9B85-DACAE9FF9A00}"
EndProject
Project("{FAE04EC0-301F-11D3-BF4B-00C04F79EFBC}") = "ex10", "ex10\ex10.csproj", "{9DFE972D-0DC9-459D-A531-632E6B93395C}"
EndProject
Project("{FAE04EC0-301F-11D3-BF4B-00C04F79EFBC}") = "ex11", "ex11\ex11.csproj", "{3C302D96-B1D0-4B5D-9C23-3CE6F2505D75}"
EndProject
Project("{FAE04EC0-301F-11D3-BF4B-00C04F79EFBC}") = "ex12", "ex12\ex12.csproj", "{C411AC3B-E73C-4F1B-A64B-EB442FB2669D}"
EndProject
Project("{FAE04EC0-301F-11D3-BF4B-00C04F79EFBC}") = "ex13", "ex13\ex13.csproj", "{C0A4C9C0-C515-41DB-B85C-FC68B4FE239D}"
EndProject
Project("{FAE04EC0-301F-11D3-BF4B-00C04F79EFBC}") = "ex14", "ex14\ex14.csproj", "{1C4E4DF2-E5F7-4294-B564-656591C497F7}"
EndProject
Project("{FAE04EC0-301F-11D3-BF4B-00C04F79EFBC}") = "ex15", "ex15\ex15.csproj", "{C2EFF923-D537-4016-B9AC-A68FCA6A43F0}"
EndProject
Project("{FAE04EC0-301F-11D3-BF4B-00C04F79EFBC}") = "ex16", "ex16\ex16.csproj", "{04C5ED54-29C3-479C-B38A-E74C13BAE075}"
EndProject
Global
	GlobalSection(SolutionConfigurationPlatforms) = preSolution
		Debug|Any CPU = Debug|Any CPU
		Release|Any CPU = Release|Any CPU
	EndGlobalSection
	GlobalSection(ProjectConfigurationPlatforms) = postSolution
		{27514636-5866-40A6-B0CF-C6C20AC64984}.Debug|Any CPU.ActiveCfg = Debug|Any CPU
		{27514636-5866-40A6-B0CF-C6C20AC64984}.Debug|Any CPU.Build.0 = Debug|Any CPU
		{27514636-5866-40A6-B0CF-C6C20AC64984}.Release|Any CPU.ActiveCfg = Release|Any CPU
		{27514636-5866-40A6-B0CF-C6C20AC64984}.Release|Any CPU.Build.0 = Release|Any CPU
		{70BE82F9-6EC4-42C1-801C-6758FC8CA68E}.Debug|Any CPU.ActiveCfg = Debug|Any CPU
		{70BE82F9-6EC4-42C1-801C-6758FC8CA68E}.Debug|Any CPU.Build.0 = Debug|Any CPU
		{70BE82F9-6EC4-42C1-801C-6758FC8CA68E}.Release|Any CPU.ActiveCfg = Release|Any CPU
		{70BE82F9-6EC4-42C1-801C-6758FC8CA68E}.Release|Any CPU.Build.0 = Release|Any CPU
		{1FEEE44C-3E92-46D1-AB07-57F3AA6C74C0}.Debug|Any CPU.ActiveCfg = Debug|Any CPU
		{1FEEE44C-3E92-46D1-AB07-57F3AA6C74C0}.Debug|Any CPU.Build.0 = Debug|Any CPU
		{1FEEE44C-3E92-46D1-AB07-57F3AA6C74C0}.Release|Any CPU.ActiveCfg = Release|Any CPU
		{1FEEE44C-3E92-46D1-AB07-57F3AA6C74C0}.Release|Any CPU.Build.0 = Release|Any CPU
		{3E100562-FCCC-45DF-8A41-F513661F266C}.Debug|Any CPU.ActiveCfg = Debug|Any CPU
		{3E100562-FCCC-45DF-8A41-F513661F266C}.Debug|Any CPU.Build.0 = Debug|Any CPU
		{3E100562-FCCC-45DF-8A41-F513661F266C}.Release|Any CPU.ActiveCfg = Release|Any CPU
		{3E100562-FCCC-45DF-8A41-F513661F266C}.Release|Any CPU.Build.0 = Release|Any CPU
		{D432E310-2AB2-4CA5-9BA2-4CF347FD4401}.Debug|Any CPU.ActiveCfg = Debug|Any CPU
		{D432E310-2AB2-4CA5-9BA2-4CF347FD4401}.Debug|Any CPU.Build.0 = Debug|Any CPU
		{D432E310-2AB2-4CA5-9BA2-4CF347FD4401}.Release|Any CPU.ActiveCfg = Release|Any CPU
		{D432E310-2AB2-4CA5-9BA2-4CF347FD4401}.Release|Any CPU.Build.0 = Release|Any CPU
		{C6CA08D8-7507-45F3-B2B7-7B9F2E231E3B}.Debug|Any CPU.ActiveCfg = Debug|Any CPU
		{C6CA08D8-7507-45F3-B2B7-7B9F2E231E3B}.Debug|Any CPU.Build.0 = Debug|Any CPU
		{C6CA08D8-7507-45F3-B2B7-7B9F2E231E3B}.Release|Any CPU.ActiveCfg = Release|Any CPU
		{C6CA08D8-7507-45F3-B2B7-7B9F2E231E3B}.Release|Any CPU.Build.0 = Release|Any CPU
		{2FC49C4F-8F2F-4AE0-980F-8325258C60BB}.Debug|Any CPU.ActiveCfg = Debug|Any CPU
		{2FC49C4F-8F2F-4AE0-980F-8325258C60BB}.Debug|Any CPU.Build.0 = Debug|Any CPU
		{2FC49C4F-8F2F-4AE0-980F-8325258C60BB}.Release|Any CPU.ActiveCfg = Release|Any CPU
		{2FC49C4F-8F2F-4AE0-980F-8325258C60BB}.Release|Any CPU.Build.0 = Release|Any CPU
		{19B0D31E-A757-4B0D-9334-43BA0DDEB499}.Debug|Any CPU.ActiveCfg = Debug|Any CPU
		{19B0D31E-A757-4B0D-9334-43BA0DDEB499}.Debug|Any CPU.Build.0 = Debug|Any CPU
		{19B0D31E-A757-4B0D-9334-43BA0DDEB499}.Release|Any CPU.ActiveCfg = Release|Any CPU
		{19B0D31E-A757-4B0D-9334-43BA0DDEB499}.Release|Any CPU.Build.0 = Release|Any CPU
		{B4868055-41BA-4483-894A-2AA8D8BA3D32}.Debug|Any CPU.ActiveCfg = Debug|Any CPU
		{B4868055-41BA-4483-894A-2AA8D8BA3D32}.Debug|Any CPU.Build.0 = Debug|Any CPU
		{B4868055-41BA-4483-894A-2AA8D8BA3D32}.Release|Any CPU.ActiveCfg = Release|Any CPU
		{B4868055-41BA-4483-894A-2AA8D8BA3D32}.Release|Any CPU.Build.0 = Release|Any CPU
		{A32C9AA5-881E-459B-9B85-DACAE9FF9A00}.Debug|Any CPU.ActiveCfg = Debug|Any CPU
		{A32C9AA5-881E-459B-9B85-DACAE9FF9A00}.Debug|Any CPU.Build.0 = Debug|Any CPU
		{A32C9AA5-881E-459B-9B85-DACAE9FF9A00}.Release|Any CPU.ActiveCfg = Release|Any CPU
		{A32C9AA5-881E-459B-9B85-DACAE9FF9A00}.Release|Any CPU.Build.0 = Release|Any CPU
		{9DFE972D-0DC9-459D-A531-632E6B93395C}.Debug|Any CPU.ActiveCfg = Debug|Any CPU
		{9DFE972D-0DC9-459D-A531-632E6B93395C}.Debug|Any CPU.Build.0 = Debug|Any CPU
		{9DFE972D-0DC9-459D-A531-632E6B93395C}.Release|Any CPU.ActiveCfg = Release|Any CPU
		{9DFE972D-0DC9-459D-A531-632E6B93395C}.Release|Any CPU.Build.0 = Release|Any CPU
		{3C302D96-B1D0-4B5D-9C23-3CE6F2505D75}.Debug|Any CPU.ActiveCfg = Debug|Any CPU
		{3C302D96-B1D0-4B5D-9C23-3CE6F2505D75}.Debug|Any CPU.Build.0 = Debug|Any CPU
		{3C302D96-B1D0-4B5D-9C23-3CE6F2505D75}.Release|Any CPU.ActiveCfg = Release|Any CPU
		{3C302D96-B1D0-4B5D-9C23-3CE6F2505D75}.Release|Any CPU.Build.0 = Release|Any CPU
		{C411AC3B-E73C-4F1B-A64B-EB442FB2669D}.Debug|Any CPU.ActiveCfg = Debug|Any CPU
		{C411AC3B-E73C-4F1B-A64B-EB442FB2669D}.Debug|Any CPU.Build.0 = Debug|Any CPU
		{C411AC3B-E73C-4F1B-A64B-EB442FB2669D}.Release|Any CPU.ActiveCfg = Release|Any CPU
		{C411AC3B-E73C-4F1B-A64B-EB442FB2669D}.Release|Any CPU.Build.0 = Release|Any CPU
		{C0A4C9C0-C515-41DB-B85C-FC68B4FE239D}.Debug|Any CPU.ActiveCfg = Debug|Any CPU
		{C0A4C9C0-C515-41DB-B85C-FC68B4FE239D}.Debug|Any CPU.Build.0 = Debug|Any CPU
		{C0A4C9C0-C515-41DB-B85C-FC68B4FE239D}.Release|Any CPU.ActiveCfg = Release|Any CPU
		{C0A4C9C0-C515-41DB-B85C-FC68B4FE239D}.Release|Any CPU.Build.0 = Release|Any CPU
		{1C4E4DF2-E5F7-4294-B564-656591C497F7}.Debug|Any CPU.ActiveCfg = Debug|Any CPU
		{1C4E4DF2-E5F7-4294-B564-656591C497F7}.Debug|Any CPU.Build.0 = Debug|Any CPU
		{1C4E4DF2-E5F7-4294-B564-656591C497F7}.Release|Any CPU.ActiveCfg = Release|Any CPU
		{1C4E4DF2-E5F7-4294-B564-656591C497F7}.Release|Any CPU.Build.0 = Release|Any CPU
		{C2EFF923-D537-4016-B9AC-A68FCA6A43F0}.Debug|Any CPU.ActiveCfg = Debug|Any CPU
		{C2EFF923-D537-4016-B9AC-A68FCA6A43F0}.Debug|Any CPU.Build.0 = Debug|Any CPU
		{C2EFF923-D537-4016-B9AC-A68FCA6A43F0}.Release|Any CPU.ActiveCfg = Release|Any CPU
		{C2EFF923-D537-4016-B9AC-A68FCA6A43F0}.Release|Any CPU.Build.0 = Release|Any CPU
		{04C5ED54-29C3-479C-B38A-E74C13BAE075}.Debug|Any CPU.ActiveCfg = Debug|Any CPU
		{04C5ED54-29C3-479C-B38A-E74C13BAE075}.Debug|Any CPU.Build.0 = Debug|Any CPU
		{04C5ED54-29C3-479C-B38A-E74C13BAE075}.Release|Any CPU.ActiveCfg = Release|Any CPU
		{04C5ED54-29C3-479C-B38A-E74C13BAE075}.Release|Any CPU.Build.0 = Release|Any CPU
	EndGlobalSection
	GlobalSection(SolutionProperties) = preSolution
		HideSolutionNode = FALSE
	EndGlobalSection
	GlobalSection(ExtensibilityGlobals) = postSolution
		SolutionGuid = {DE1EAEAB-5D31-45EE-90AC-E544C89FE4D7}
	EndGlobalSection
EndGlobal
